
Microsoft Visual Studio Solution File, Format Version 12.00
# Visual Studio 15
VisualStudioVersion = 15.0.28307.572
MinimumVisualStudioVersion = 10.0.40219.1
Project("{FAE04EC0-301F-11D3-BF4B-00C04F79EFBC}") = "Work", "Work\Work.csproj", "{6BFACFEC-150D-423B-950C-597126D11ECD}"
EndProject
Global
	GlobalSection(SolutionConfigurationPlatforms) = preSolution
		Debug|Any CPU = Debug|Any CPU
		Release|Any CPU = Release|Any CPU
	EndGlobalSection
	GlobalSection(ProjectConfigurationPlatforms) = postSolution
		{6BFACFEC-150D-423B-950C-597126D11ECD}.Debug|Any CPU.ActiveCfg = Debug|Any CPU
		{6BFACFEC-150D-423B-950C-597126D11ECD}.Debug|Any CPU.Build.0 = Debug|Any CPU
		{6BFACFEC-150D-423B-950C-597126D11ECD}.Release|Any CPU.ActiveCfg = Release|Any CPU
		{6BFACFEC-150D-423B-950C-597126D11ECD}.Release|Any CPU.Build.0 = Release|Any CPU
	EndGlobalSection
	GlobalSection(SolutionProperties) = preSolution
		HideSolutionNode = FALSE
	EndGlobalSection
	GlobalSection(ExtensibilityGlobals) = postSolution
		SolutionGuid = {36077D19-62F9-462C-8624-501E2FB8C080}
	EndGlobalSection
EndGlobal
